
Microsoft Visual Studio Solution File, Format Version 12.00
# Visual Studio Version 16
VisualStudioVersion = 16.0.31911.196
MinimumVisualStudioVersion = 10.0.40219.1
Project("{FAE04EC0-301F-11D3-BF4B-00C04F79EFBC}") = "InstagramFollowers", "InstagramFollowers\InstagramFollowers.csproj", "{20C58E10-FCA2-4A9F-B9FE-78C190CFC2A9}"
EndProject
Project("{FAE04EC0-301F-11D3-BF4B-00C04F79EFBC}") = "InstLibrary", "InstLibrary\InstLibrary.csproj", "{7A1639AE-B754-4A02-91FF-CDDC666733E1}"
EndProject
Global
	GlobalSection(SolutionConfigurationPlatforms) = preSolution
		Debug|Any CPU = Debug|Any CPU
		Release|Any CPU = Release|Any CPU
	EndGlobalSection
	GlobalSection(ProjectConfigurationPlatforms) = postSolution
		{20C58E10-FCA2-4A9F-B9FE-78C190CFC2A9}.Debug|Any CPU.ActiveCfg = Debug|Any CPU
		{20C58E10-FCA2-4A9F-B9FE-78C190CFC2A9}.Debug|Any CPU.Build.0 = Debug|Any CPU
		{20C58E10-FCA2-4A9F-B9FE-78C190CFC2A9}.Release|Any CPU.ActiveCfg = Release|Any CPU
		{20C58E10-FCA2-4A9F-B9FE-78C190CFC2A9}.Release|Any CPU.Build.0 = Release|Any CPU
		{7A1639AE-B754-4A02-91FF-CDDC666733E1}.Debug|Any CPU.ActiveCfg = Debug|Any CPU
		{7A1639AE-B754-4A02-91FF-CDDC666733E1}.Debug|Any CPU.Build.0 = Debug|Any CPU
		{7A1639AE-B754-4A02-91FF-CDDC666733E1}.Release|Any CPU.ActiveCfg = Release|Any CPU
		{7A1639AE-B754-4A02-91FF-CDDC666733E1}.Release|Any CPU.Build.0 = Release|Any CPU
	EndGlobalSection
	GlobalSection(SolutionProperties) = preSolution
		HideSolutionNode = FALSE
	EndGlobalSection
	GlobalSection(ExtensibilityGlobals) = postSolution
		SolutionGuid = {5852A7DA-9E45-45AC-9B1D-C3552A37F3CB}
	EndGlobalSection
EndGlobal
